
Microsoft Visual Studio Solution File, Format Version 12.00
# Visual Studio Version 17
VisualStudioVersion = 17.0.31919.166
MinimumVisualStudioVersion = 10.0.40219.1
Project("{9A19103F-16F7-4668-BE54-9A1E7A4F7556}") = "EmployeesAPI", "EmployeesAPI.csproj", "{7BFDBEF7-38D6-4A7B-AE6B-E3852507BBA6}"
EndProject
Project("{9A19103F-16F7-4668-BE54-9A1E7A4F7556}") = "DataAcccessEFCore", "..\DataAcccessOfAPI\DataAcccessEFCore.csproj", "{69BB1AE1-098B-47FF-9767-C85757006645}"
EndProject
Project("{9A19103F-16F7-4668-BE54-9A1E7A4F7556}") = "ModelsForAPI", "..\ModelsForAPI\ModelsForAPI.csproj", "{0EE41013-01D9-48A4-9A90-F6DFE291A2EA}"
EndProject
Project("{2150E333-8FDC-42A3-9474-1A3956D46DE8}") = "Solution Items", "Solution Items", "{C98E038E-C557-4ECA-97CA-491C381BB7C6}"
	ProjectSection(SolutionItems) = preProject
		.editorconfig = .editorconfig
	EndProjectSection
EndProject
Project("{FAE04EC0-301F-11D3-BF4B-00C04F79EFBC}") = "Services", "..\Services\Services.csproj", "{99F4ACFA-F777-4984-A51B-7959775D882D}"
EndProject
Global
	GlobalSection(SolutionConfigurationPlatforms) = preSolution
		Debug|Any CPU = Debug|Any CPU
		Release|Any CPU = Release|Any CPU
	EndGlobalSection
	GlobalSection(ProjectConfigurationPlatforms) = postSolution
		{7BFDBEF7-38D6-4A7B-AE6B-E3852507BBA6}.Debug|Any CPU.ActiveCfg = Debug|Any CPU
		{7BFDBEF7-38D6-4A7B-AE6B-E3852507BBA6}.Debug|Any CPU.Build.0 = Debug|Any CPU
		{7BFDBEF7-38D6-4A7B-AE6B-E3852507BBA6}.Release|Any CPU.ActiveCfg = Release|Any CPU
		{7BFDBEF7-38D6-4A7B-AE6B-E3852507BBA6}.Release|Any CPU.Build.0 = Release|Any CPU
		{69BB1AE1-098B-47FF-9767-C85757006645}.Debug|Any CPU.ActiveCfg = Debug|Any CPU
		{69BB1AE1-098B-47FF-9767-C85757006645}.Debug|Any CPU.Build.0 = Debug|Any CPU
		{69BB1AE1-098B-47FF-9767-C85757006645}.Release|Any CPU.ActiveCfg = Release|Any CPU
		{69BB1AE1-098B-47FF-9767-C85757006645}.Release|Any CPU.Build.0 = Release|Any CPU
		{0EE41013-01D9-48A4-9A90-F6DFE291A2EA}.Debug|Any CPU.ActiveCfg = Debug|Any CPU
		{0EE41013-01D9-48A4-9A90-F6DFE291A2EA}.Debug|Any CPU.Build.0 = Debug|Any CPU
		{0EE41013-01D9-48A4-9A90-F6DFE291A2EA}.Release|Any CPU.ActiveCfg = Release|Any CPU
		{0EE41013-01D9-48A4-9A90-F6DFE291A2EA}.Release|Any CPU.Build.0 = Release|Any CPU
		{99F4ACFA-F777-4984-A51B-7959775D882D}.Debug|Any CPU.ActiveCfg = Debug|Any CPU
		{99F4ACFA-F777-4984-A51B-7959775D882D}.Debug|Any CPU.Build.0 = Debug|Any CPU
		{99F4ACFA-F777-4984-A51B-7959775D882D}.Release|Any CPU.ActiveCfg = Release|Any CPU
		{99F4ACFA-F777-4984-A51B-7959775D882D}.Release|Any CPU.Build.0 = Release|Any CPU
	EndGlobalSection
	GlobalSection(SolutionProperties) = preSolution
		HideSolutionNode = FALSE
	EndGlobalSection
	GlobalSection(ExtensibilityGlobals) = postSolution
		SolutionGuid = {6B182921-5638-47DF-9463-67A876810896}
	EndGlobalSection
EndGlobal
